
Microsoft Visual Studio Solution File, Format Version 12.00
# Visual Studio Version 17
VisualStudioVersion = 17.5.002.0
MinimumVisualStudioVersion = 10.0.40219.1
Project("{2150E333-8FDC-42A3-9474-1A3956D46DE8}") = "backend", "backend", "{2083B7CA-304F-4B32-B387-BBED753D089F}"
EndProject
Project("{9A19103F-16F7-4668-BE54-9A1E7A4F7556}") = "Api", "backend\Api\Api.csproj", "{68B618F5-7876-4393-8FE5-4F80A9FE4C27}"
EndProject
Project("{9A19103F-16F7-4668-BE54-9A1E7A4F7556}") = "Data", "backend\Data\Data.csproj", "{EB73A4AE-BD5A-4E9F-B261-37CDF7942AEB}"
EndProject
Project("{9A19103F-16F7-4668-BE54-9A1E7A4F7556}") = "Services", "backend\Services\Services.csproj", "{3B0F6092-C7DE-431D-9F0D-EBCE0AADD4EB}"
EndProject
Project("{9A19103F-16F7-4668-BE54-9A1E7A4F7556}") = "Entities", "backend\Entities\Entities.csproj", "{7D616CF7-FF56-4C2C-A86D-9ED12F70A282}"
EndProject
Global
	GlobalSection(SolutionConfigurationPlatforms) = preSolution
		Debug|Any CPU = Debug|Any CPU
		Release|Any CPU = Release|Any CPU
	EndGlobalSection
	GlobalSection(ProjectConfigurationPlatforms) = postSolution
		{68B618F5-7876-4393-8FE5-4F80A9FE4C27}.Debug|Any CPU.ActiveCfg = Debug|Any CPU
		{68B618F5-7876-4393-8FE5-4F80A9FE4C27}.Debug|Any CPU.Build.0 = Debug|Any CPU
		{68B618F5-7876-4393-8FE5-4F80A9FE4C27}.Release|Any CPU.ActiveCfg = Release|Any CPU
		{68B618F5-7876-4393-8FE5-4F80A9FE4C27}.Release|Any CPU.Build.0 = Release|Any CPU
		{EB73A4AE-BD5A-4E9F-B261-37CDF7942AEB}.Debug|Any CPU.ActiveCfg = Debug|Any CPU
		{EB73A4AE-BD5A-4E9F-B261-37CDF7942AEB}.Debug|Any CPU.Build.0 = Debug|Any CPU
		{EB73A4AE-BD5A-4E9F-B261-37CDF7942AEB}.Release|Any CPU.ActiveCfg = Release|Any CPU
		{EB73A4AE-BD5A-4E9F-B261-37CDF7942AEB}.Release|Any CPU.Build.0 = Release|Any CPU
		{3B0F6092-C7DE-431D-9F0D-EBCE0AADD4EB}.Debug|Any CPU.ActiveCfg = Debug|Any CPU
		{3B0F6092-C7DE-431D-9F0D-EBCE0AADD4EB}.Debug|Any CPU.Build.0 = Debug|Any CPU
		{3B0F6092-C7DE-431D-9F0D-EBCE0AADD4EB}.Release|Any CPU.ActiveCfg = Release|Any CPU
		{3B0F6092-C7DE-431D-9F0D-EBCE0AADD4EB}.Release|Any CPU.Build.0 = Release|Any CPU
		{7D616CF7-FF56-4C2C-A86D-9ED12F70A282}.Debug|Any CPU.ActiveCfg = Debug|Any CPU
		{7D616CF7-FF56-4C2C-A86D-9ED12F70A282}.Debug|Any CPU.Build.0 = Debug|Any CPU
		{7D616CF7-FF56-4C2C-A86D-9ED12F70A282}.Release|Any CPU.ActiveCfg = Release|Any CPU
		{7D616CF7-FF56-4C2C-A86D-9ED12F70A282}.Release|Any CPU.Build.0 = Release|Any CPU
	EndGlobalSection
	GlobalSection(SolutionProperties) = preSolution
		HideSolutionNode = FALSE
	EndGlobalSection
	GlobalSection(NestedProjects) = preSolution
		{68B618F5-7876-4393-8FE5-4F80A9FE4C27} = {2083B7CA-304F-4B32-B387-BBED753D089F}
		{EB73A4AE-BD5A-4E9F-B261-37CDF7942AEB} = {2083B7CA-304F-4B32-B387-BBED753D089F}
		{3B0F6092-C7DE-431D-9F0D-EBCE0AADD4EB} = {2083B7CA-304F-4B32-B387-BBED753D089F}
		{7D616CF7-FF56-4C2C-A86D-9ED12F70A282} = {2083B7CA-304F-4B32-B387-BBED753D089F}
	EndGlobalSection
	GlobalSection(ExtensibilityGlobals) = postSolution
		SolutionGuid = {2AD95CFF-D29E-4726-85EF-C74A8BE00814}
	EndGlobalSection
EndGlobal
